// !$*UTF8*$!
{
	archiveVersion = 1;
	classes = {
	};
	objectVersion = 63;
	objects = {

/* Begin PBXBuildFile section */
		050BFF2EC9558361C9177DC0 /* StandalonePublishView.swift in Sources */ = {isa = PBXBuildFile; fileRef = 764165F7193A8CDC65C363F3 /* StandalonePublishView.swift */; };
		16783026D9F90C08FF2F8E8B /* WebRTCPreviewView.swift in Sources */ = {isa = PBXBuildFile; fileRef = 8A45838A3A54984FF6BFA001 /* WebRTCPreviewView.swift */; };
		1923D43A224199ED4885DAB1 /* ContentView.swift in Sources */ = {isa = PBXBuildFile; fileRef = 3B3889663CE1C758CD755F18 /* ContentView.swift */; };
		29DEA8ED6E56D6F9AE0C3546 /* StreamManagerPublishView.swift in Sources */ = {isa = PBXBuildFile; fileRef = 0EFEFA187852D1D95EB11CD9 /* StreamManagerPublishView.swift */; };
		2D39C1F5F077E431C7F8D819 /* PubNubSDK in Frameworks */ = {isa = PBXBuildFile; productRef = 9BD6482AC8A27A72530C5F43 /* PubNubSDK */; };
		33251EBAB2BB9F56AAEC598A /* AVFoundation.framework in Frameworks */ = {isa = PBXBuildFile; fileRef = C3E9AB2FAB3AC627C017907E /* AVFoundation.framework */; };
		48DD8AD82EE8D93F003F0FBE /* Red5WebRTCKit in Frameworks */ = {isa = PBXBuildFile; productRef = 48DD8AD72EE8D93F003F0FBE /* Red5WebRTCKit */; };
		4E15AD64634B48B33E05EB71 /* SettingsView.swift in Sources */ = {isa = PBXBuildFile; fileRef = A9DF0C7399F7BBA86291220D /* SettingsView.swift */; };
		9FC65FB517F99AC1C2ECE2E3 /* WebRTC in Frameworks */ = {isa = PBXBuildFile; productRef = 83AC18E85224689302FF7E33 /* WebRTC */; };
		AEE75507275FA7A6E37B5DFA /* WebRTCTestBedApp.swift in Sources */ = {isa = PBXBuildFile; fileRef = 478E532AF7D9D36C37A63267 /* WebRTCTestBedApp.swift */; };
		B5666726A3A4D251B7ABB378 /* CoreMedia.framework in Frameworks */ = {isa = PBXBuildFile; fileRef = 004ED9961F6AE06224A59003 /* CoreMedia.framework */; };
		B67ABD27E410CCC3DC07C050 /* Assets.xcassets in Resources */ = {isa = PBXBuildFile; fileRef = E62C5FA15559F3A3004B45CE /* Assets.xcassets */; };
		B860207BF446A7A813B85F8E /* ChatDemoView.swift in Sources */ = {isa = PBXBuildFile; fileRef = E99448BA2E37ADD8C9E7CD8E /* ChatDemoView.swift */; };
		BB697D18D17B722E83A7DD30 /* CoreAudio.framework in Frameworks */ = {isa = PBXBuildFile; fileRef = 856CB60FDEF7109479ED20A1 /* CoreAudio.framework */; };
		BE863D03A537FAEE98717EBF /* AudioToolbox.framework in Frameworks */ = {isa = PBXBuildFile; fileRef = CECA135343E9A01A38A194B2 /* AudioToolbox.framework */; };
		DF33C75DC92E223A50C6EB12 /* VideoToolbox.framework in Frameworks */ = {isa = PBXBuildFile; fileRef = 01F429C31453AC8C8434E335 /* VideoToolbox.framework */; };
		E04C835D1D462B26701172A8 /* SettingsManager.swift in Sources */ = {isa = PBXBuildFile; fileRef = FB7DDBECC1F09ADE21520CD0 /* SettingsManager.swift */; };
		F9B52E89F9A2C11F7F8A1E3F /* StreamManagerSubscribeView.swift in Sources */ = {isa = PBXBuildFile; fileRef = 3D5A586C7A7BE68B4DF63DAA /* StreamManagerSubscribeView.swift */; };
		FD051EC7B987882A12C8F961 /* StandaloneSubscribeView.swift in Sources */ = {isa = PBXBuildFile; fileRef = 83A8CF0C4BE7BE550DCEFBAA /* StandaloneSubscribeView.swift */; };
/* End PBXBuildFile section */

/* Begin PBXFileReference section */
		004ED9961F6AE06224A59003 /* CoreMedia.framework */ = {isa = PBXFileReference; lastKnownFileType = wrapper.framework; name = CoreMedia.framework; path = System/Library/Frameworks/CoreMedia.framework; sourceTree = SDKROOT; };
		01F429C31453AC8C8434E335 /* VideoToolbox.framework */ = {isa = PBXFileReference; lastKnownFileType = wrapper.framework; name = VideoToolbox.framework; path = System/Library/Frameworks/VideoToolbox.framework; sourceTree = SDKROOT; };
		0EFEFA187852D1D95EB11CD9 /* StreamManagerPublishView.swift */ = {isa = PBXFileReference; lastKnownFileType = sourcecode.swift; path = StreamManagerPublishView.swift; sourceTree = "<group>"; };
		3B3889663CE1C758CD755F18 /* ContentView.swift */ = {isa = PBXFileReference; lastKnownFileType = sourcecode.swift; path = ContentView.swift; sourceTree = "<group>"; };
		3D5A586C7A7BE68B4DF63DAA /* StreamManagerSubscribeView.swift */ = {isa = PBXFileReference; lastKnownFileType = sourcecode.swift; path = StreamManagerSubscribeView.swift; sourceTree = "<group>"; };
		478E532AF7D9D36C37A63267 /* WebRTCTestBedApp.swift */ = {isa = PBXFileReference; lastKnownFileType = sourcecode.swift; path = WebRTCTestBedApp.swift; sourceTree = "<group>"; };
		74D2F61758CFB631FC0CC7A1 /* WebRTCTestBed.app */ = {isa = PBXFileReference; explicitFileType = wrapper.application; includeInIndex = 0; path = WebRTCTestBed.app; sourceTree = BUILT_PRODUCTS_DIR; };
		764165F7193A8CDC65C363F3 /* StandalonePublishView.swift */ = {isa = PBXFileReference; lastKnownFileType = sourcecode.swift; path = StandalonePublishView.swift; sourceTree = "<group>"; };
		83A8CF0C4BE7BE550DCEFBAA /* StandaloneSubscribeView.swift */ = {isa = PBXFileReference; lastKnownFileType = sourcecode.swift; path = StandaloneSubscribeView.swift; sourceTree = "<group>"; };
		856CB60FDEF7109479ED20A1 /* CoreAudio.framework */ = {isa = PBXFileReference; lastKnownFileType = wrapper.framework; name = CoreAudio.framework; path = System/Library/Frameworks/CoreAudio.framework; sourceTree = SDKROOT; };
		8A45838A3A54984FF6BFA001 /* WebRTCPreviewView.swift */ = {isa = PBXFileReference; lastKnownFileType = sourcecode.swift; path = WebRTCPreviewView.swift; sourceTree = "<group>"; };
		A9DF0C7399F7BBA86291220D /* SettingsView.swift */ = {isa = PBXFileReference; lastKnownFileType = sourcecode.swift; path = SettingsView.swift; sourceTree = "<group>"; };
		C3E9AB2FAB3AC627C017907E /* AVFoundation.framework */ = {isa = PBXFileReference; lastKnownFileType = wrapper.framework; name = AVFoundation.framework; path = System/Library/Frameworks/AVFoundation.framework; sourceTree = SDKROOT; };
		CECA135343E9A01A38A194B2 /* AudioToolbox.framework */ = {isa = PBXFileReference; lastKnownFileType = wrapper.framework; name = AudioToolbox.framework; path = System/Library/Frameworks/AudioToolbox.framework; sourceTree = SDKROOT; };
		E62C5FA15559F3A3004B45CE /* Assets.xcassets */ = {isa = PBXFileReference; lastKnownFileType = folder.assetcatalog; path = Assets.xcassets; sourceTree = "<group>"; };
		E99448BA2E37ADD8C9E7CD8E /* ChatDemoView.swift */ = {isa = PBXFileReference; lastKnownFileType = sourcecode.swift; path = ChatDemoView.swift; sourceTree = "<group>"; };
		F67E46D64D8AA6A93FB19D50 /* Red5WebRTCKit.xcframework */ = {isa = PBXFileReference; lastKnownFileType = wrapper.xcframework; name = Red5WebRTCKit.xcframework; path = Frameworks/Red5WebRTCKit.xcframework; sourceTree = "<group>"; };
		FB7DDBECC1F09ADE21520CD0 /* SettingsManager.swift */ = {isa = PBXFileReference; lastKnownFileType = sourcecode.swift; path = SettingsManager.swift; sourceTree = "<group>"; };
/* End PBXFileReference section */

/* Begin PBXFrameworksBuildPhase section */
		5839293FD10CE4E545FFC5D5 /* Frameworks */ = {
			isa = PBXFrameworksBuildPhase;
			buildActionMask = 2147483647;
			files = (
				9FC65FB517F99AC1C2ECE2E3 /* WebRTC in Frameworks */,
				2D39C1F5F077E431C7F8D819 /* PubNubSDK in Frameworks */,
				BE863D03A537FAEE98717EBF /* AudioToolbox.framework in Frameworks */,
				33251EBAB2BB9F56AAEC598A /* AVFoundation.framework in Frameworks */,
				48DD8AD82EE8D93F003F0FBE /* Red5WebRTCKit in Frameworks */,
				B5666726A3A4D251B7ABB378 /* CoreMedia.framework in Frameworks */,
				BB697D18D17B722E83A7DD30 /* CoreAudio.framework in Frameworks */,
				DF33C75DC92E223A50C6EB12 /* VideoToolbox.framework in Frameworks */,
			);
			runOnlyForDeploymentPostprocessing = 0;
		};
/* End PBXFrameworksBuildPhase section */

/* Begin PBXGroup section */
		7473C993943BFA5567BF83DF /* WebRTCTestBed */ = {
			isa = PBXGroup;
			children = (
				E62C5FA15559F3A3004B45CE /* Assets.xcassets */,
				E99448BA2E37ADD8C9E7CD8E /* ChatDemoView.swift */,
				3B3889663CE1C758CD755F18 /* ContentView.swift */,
				FB7DDBECC1F09ADE21520CD0 /* SettingsManager.swift */,
				A9DF0C7399F7BBA86291220D /* SettingsView.swift */,
				764165F7193A8CDC65C363F3 /* StandalonePublishView.swift */,
				83A8CF0C4BE7BE550DCEFBAA /* StandaloneSubscribeView.swift */,
				0EFEFA187852D1D95EB11CD9 /* StreamManagerPublishView.swift */,
				3D5A586C7A7BE68B4DF63DAA /* StreamManagerSubscribeView.swift */,
				8A45838A3A54984FF6BFA001 /* WebRTCPreviewView.swift */,
				478E532AF7D9D36C37A63267 /* WebRTCTestBedApp.swift */,
			);
			path = WebRTCTestBed;
			sourceTree = "<group>";
		};
		76DBE062392B71E905D933B7 = {
			isa = PBXGroup;
			children = (
				7473C993943BFA5567BF83DF /* WebRTCTestBed */,
				EF60D387B7ADDB79E130BCA8 /* Frameworks */,
				7F5D974521C1DF89C73741DA /* Products */,
			);
			sourceTree = "<group>";
		};
		7F5D974521C1DF89C73741DA /* Products */ = {
			isa = PBXGroup;
			children = (
				74D2F61758CFB631FC0CC7A1 /* WebRTCTestBed.app */,
			);
			name = Products;
			sourceTree = "<group>";
		};
		EF60D387B7ADDB79E130BCA8 /* Frameworks */ = {
			isa = PBXGroup;
			children = (
				CECA135343E9A01A38A194B2 /* AudioToolbox.framework */,
				C3E9AB2FAB3AC627C017907E /* AVFoundation.framework */,
				856CB60FDEF7109479ED20A1 /* CoreAudio.framework */,
				004ED9961F6AE06224A59003 /* CoreMedia.framework */,
				F67E46D64D8AA6A93FB19D50 /* Red5WebRTCKit.xcframework */,
				01F429C31453AC8C8434E335 /* VideoToolbox.framework */,
			);
			name = Frameworks;
			sourceTree = "<group>";
		};
/* End PBXGroup section */

/* Begin PBXNativeTarget section */
		E4004BC411D8D6BD7146873C /* WebRTCTestBed */ = {
			isa = PBXNativeTarget;
			buildConfigurationList = A5556F2045FCE5886AC9C659 /* Build configuration list for PBXNativeTarget "WebRTCTestBed" */;
			buildPhases = (
				5188F1DE239ADAB4821733E0 /* Sources */,
				66FD1744B885DA86379A89FA /* Resources */,
				5839293FD10CE4E545FFC5D5 /* Frameworks */,
			);
			buildRules = (
			);
			dependencies = (
			);
			name = WebRTCTestBed;
			packageProductDependencies = (
				83AC18E85224689302FF7E33 /* WebRTC */,
				9BD6482AC8A27A72530C5F43 /* PubNubSDK */,
				48DD8AD72EE8D93F003F0FBE /* Red5WebRTCKit */,
			);
			productName = WebRTCTestBed;
			productReference = 74D2F61758CFB631FC0CC7A1 /* WebRTCTestBed.app */;
			productType = "com.apple.product-type.application";
		};
/* End PBXNativeTarget section */

/* Begin PBXProject section */
		8C0F900AB514C6A3A897FDAF /* Project object */ = {
			isa = PBXProject;
			attributes = {
				BuildIndependentTargetsInParallel = YES;
				LastUpgradeCheck = 1430;
			};
			buildConfigurationList = CE3EC5C08F4A6B654729233A /* Build configuration list for PBXProject "WebRTCTestBed" */;
			compatibilityVersion = "Xcode 14.0";
			developmentRegion = en;
			hasScannedForEncodings = 0;
			knownRegions = (
				Base,
				en,
			);
			mainGroup = 76DBE062392B71E905D933B7;
			minimizedProjectReferenceProxies = 1;
			packageReferences = (
				C4822941DA12FFC2F4D506B1 /* XCRemoteSwiftPackageReference "swift" */,
				67267988C19A153227D36125 /* XCRemoteSwiftPackageReference "WebRTC" */,
				48DD8AD62EE8D93F003F0FBE /* XCLocalSwiftPackageReference "../red5pro-ios-sdk/distribution" */,
			);
			projectDirPath = "";
			projectRoot = "";
			targets = (
				E4004BC411D8D6BD7146873C /* WebRTCTestBed */,
			);
		};
/* End PBXProject section */

/* Begin PBXResourcesBuildPhase section */
		66FD1744B885DA86379A89FA /* Resources */ = {
			isa = PBXResourcesBuildPhase;
			buildActionMask = 2147483647;
			files = (
				B67ABD27E410CCC3DC07C050 /* Assets.xcassets in Resources */,
			);
			runOnlyForDeploymentPostprocessing = 0;
		};
/* End PBXResourcesBuildPhase section */

/* Begin PBXSourcesBuildPhase section */
		5188F1DE239ADAB4821733E0 /* Sources */ = {
			isa = PBXSourcesBuildPhase;
			buildActionMask = 2147483647;
			files = (
				B860207BF446A7A813B85F8E /* ChatDemoView.swift in Sources */,
				1923D43A224199ED4885DAB1 /* ContentView.swift in Sources */,
				E04C835D1D462B26701172A8 /* SettingsManager.swift in Sources */,
				4E15AD64634B48B33E05EB71 /* SettingsView.swift in Sources */,
				050BFF2EC9558361C9177DC0 /* StandalonePublishView.swift in Sources */,
				FD051EC7B987882A12C8F961 /* StandaloneSubscribeView.swift in Sources */,
				29DEA8ED6E56D6F9AE0C3546 /* StreamManagerPublishView.swift in Sources */,
				F9B52E89F9A2C11F7F8A1E3F /* StreamManagerSubscribeView.swift in Sources */,
				16783026D9F90C08FF2F8E8B /* WebRTCPreviewView.swift in Sources */,
				AEE75507275FA7A6E37B5DFA /* WebRTCTestBedApp.swift in Sources */,
			);
			runOnlyForDeploymentPostprocessing = 0;
		};
/* End PBXSourcesBuildPhase section */

/* Begin XCBuildConfiguration section */
		285C125BD9EFCCB75F042C89 /* Release */ = {
			isa = XCBuildConfiguration;
			buildSettings = {
				ASSETCATALOG_COMPILER_APPICON_NAME = AppIcon;
				CODE_SIGN_IDENTITY = "iPhone Developer";
				DEVELOPMENT_TEAM = E964K44BWW;
				FRAMEWORK_SEARCH_PATHS = (
					"$(inherited)",
					"$(PROJECT_DIR)/Frameworks",
					"\"Frameworks\"",
				);
				INFOPLIST_FILE = Resources/Info.plist;
				IPHONEOS_DEPLOYMENT_TARGET = 15.0;
				LD_RUNPATH_SEARCH_PATHS = (
					"$(inherited)",
					"@executable_path/Frameworks",
				);
				OTHER_LDFLAGS = "$(inherited)";
				PRODUCT_BUNDLE_IDENTIFIER = com.infrared5.test.testbed.WebRTCTestBed;
				PRODUCT_NAME = WebRTCTestBed;
				SDKROOT = iphoneos;
				TARGETED_DEVICE_FAMILY = "1,2";
			};
			name = Release;
		};
		3A221EB8B5E24FA90E6A8FD2 /* Release */ = {
			isa = XCBuildConfiguration;
			buildSettings = {
				ALWAYS_SEARCH_USER_PATHS = NO;
				CLANG_ANALYZER_NONNULL = YES;
				CLANG_ANALYZER_NUMBER_OBJECT_CONVERSION = YES_AGGRESSIVE;
				CLANG_CXX_LANGUAGE_STANDARD = "gnu++14";
				CLANG_CXX_LIBRARY = "libc++";
				CLANG_ENABLE_MODULES = YES;
				CLANG_ENABLE_OBJC_ARC = YES;
				CLANG_ENABLE_OBJC_WEAK = YES;
				CLANG_WARN_BLOCK_CAPTURE_AUTORELEASING = YES;
				CLANG_WARN_BOOL_CONVERSION = YES;
				CLANG_WARN_COMMA = YES;
				CLANG_WARN_CONSTANT_CONVERSION = YES;
				CLANG_WARN_DEPRECATED_OBJC_IMPLEMENTATIONS = YES;
				CLANG_WARN_DIRECT_OBJC_ISA_USAGE = YES_ERROR;
				CLANG_WARN_DOCUMENTATION_COMMENTS = YES;
				CLANG_WARN_EMPTY_BODY = YES;
				CLANG_WARN_ENUM_CONVERSION = YES;
				CLANG_WARN_INFINITE_RECURSION = YES;
				CLANG_WARN_INT_CONVERSION = YES;
				CLANG_WARN_NON_LITERAL_NULL_CONVERSION = YES;
				CLANG_WARN_OBJC_IMPLICIT_RETAIN_SELF = YES;
				CLANG_WARN_OBJC_LITERAL_CONVERSION = YES;
				CLANG_WARN_OBJC_ROOT_CLASS = YES_ERROR;
				CLANG_WARN_QUOTED_INCLUDE_IN_FRAMEWORK_HEADER = YES;
				CLANG_WARN_RANGE_LOOP_ANALYSIS = YES;
				CLANG_WARN_STRICT_PROTOTYPES = YES;
				CLANG_WARN_SUSPICIOUS_MOVE = YES;
				CLANG_WARN_UNGUARDED_AVAILABILITY = YES_AGGRESSIVE;
				CLANG_WARN_UNREACHABLE_CODE = YES;
				CLANG_WARN__DUPLICATE_METHOD_MATCH = YES;
				COPY_PHASE_STRIP = NO;
				DEBUG_INFORMATION_FORMAT = "dwarf-with-dsym";
				ENABLE_NS_ASSERTIONS = NO;
				ENABLE_STRICT_OBJC_MSGSEND = YES;
				GCC_C_LANGUAGE_STANDARD = gnu11;
				GCC_NO_COMMON_BLOCKS = YES;
				GCC_WARN_64_TO_32_BIT_CONVERSION = YES;
				GCC_WARN_ABOUT_RETURN_TYPE = YES_ERROR;
				GCC_WARN_UNDECLARED_SELECTOR = YES;
				GCC_WARN_UNINITIALIZED_AUTOS = YES_AGGRESSIVE;
				GCC_WARN_UNUSED_FUNCTION = YES;
				GCC_WARN_UNUSED_VARIABLE = YES;
				MTL_ENABLE_DEBUG_INFO = NO;
				MTL_FAST_MATH = YES;
				PRODUCT_NAME = "$(TARGET_NAME)";
				SDKROOT = iphoneos;
				SWIFT_COMPILATION_MODE = wholemodule;
				SWIFT_OPTIMIZATION_LEVEL = "-O";
				SWIFT_VERSION = 5.0;
			};
			name = Release;
		};
		8388DFBF9F4BD06D714F84ED /* Debug */ = {
			isa = XCBuildConfiguration;
			buildSettings = {
				ASSETCATALOG_COMPILER_APPICON_NAME = AppIcon;
				CODE_SIGN_IDENTITY = "iPhone Developer";
				DEVELOPMENT_TEAM = E964K44BWW;
				FRAMEWORK_SEARCH_PATHS = (
					"$(inherited)",
					"$(PROJECT_DIR)/Frameworks",
					"\"Frameworks\"",
				);
				INFOPLIST_FILE = Resources/Info.plist;
				IPHONEOS_DEPLOYMENT_TARGET = 15.0;
				LD_RUNPATH_SEARCH_PATHS = (
					"$(inherited)",
					"@executable_path/Frameworks",
				);
				OTHER_LDFLAGS = "$(inherited)";
				PRODUCT_BUNDLE_IDENTIFIER = com.infrared5.test.testbed.WebRTCTestBed;
				PRODUCT_NAME = WebRTCTestBed;
				SDKROOT = iphoneos;
				TARGETED_DEVICE_FAMILY = "1,2";
			};
			name = Debug;
		};
		E1A383835F7F0BE63F77AF22 /* Debug */ = {
			isa = XCBuildConfiguration;
			buildSettings = {
				ALWAYS_SEARCH_USER_PATHS = NO;
				CLANG_ANALYZER_NONNULL = YES;
				CLANG_ANALYZER_NUMBER_OBJECT_CONVERSION = YES_AGGRESSIVE;
				CLANG_CXX_LANGUAGE_STANDARD = "gnu++14";
				CLANG_CXX_LIBRARY = "libc++";
				CLANG_ENABLE_MODULES = YES;
				CLANG_ENABLE_OBJC_ARC = YES;
				CLANG_ENABLE_OBJC_WEAK = YES;
				CLANG_WARN_BLOCK_CAPTURE_AUTORELEASING = YES;
				CLANG_WARN_BOOL_CONVERSION = YES;
				CLANG_WARN_COMMA = YES;
				CLANG_WARN_CONSTANT_CONVERSION = YES;
				CLANG_WARN_DEPRECATED_OBJC_IMPLEMENTATIONS = YES;
				CLANG_WARN_DIRECT_OBJC_ISA_USAGE = YES_ERROR;
				CLANG_WARN_DOCUMENTATION_COMMENTS = YES;
				CLANG_WARN_EMPTY_BODY = YES;
				CLANG_WARN_ENUM_CONVERSION = YES;
				CLANG_WARN_INFINITE_RECURSION = YES;
				CLANG_WARN_INT_CONVERSION = YES;
				CLANG_WARN_NON_LITERAL_NULL_CONVERSION = YES;
				CLANG_WARN_OBJC_IMPLICIT_RETAIN_SELF = YES;
				CLANG_WARN_OBJC_LITERAL_CONVERSION = YES;
				CLANG_WARN_OBJC_ROOT_CLASS = YES_ERROR;
				CLANG_WARN_QUOTED_INCLUDE_IN_FRAMEWORK_HEADER = YES;
				CLANG_WARN_RANGE_LOOP_ANALYSIS = YES;
				CLANG_WARN_STRICT_PROTOTYPES = YES;
				CLANG_WARN_SUSPICIOUS_MOVE = YES;
				CLANG_WARN_UNGUARDED_AVAILABILITY = YES_AGGRESSIVE;
				CLANG_WARN_UNREACHABLE_CODE = YES;
				CLANG_WARN__DUPLICATE_METHOD_MATCH = YES;
				COPY_PHASE_STRIP = NO;
				DEBUG_INFORMATION_FORMAT = dwarf;
				ENABLE_STRICT_OBJC_MSGSEND = YES;
				ENABLE_TESTABILITY = YES;
				GCC_C_LANGUAGE_STANDARD = gnu11;
				GCC_DYNAMIC_NO_PIC = NO;
				GCC_NO_COMMON_BLOCKS = YES;
				GCC_OPTIMIZATION_LEVEL = 0;
				GCC_PREPROCESSOR_DEFINITIONS = (
					"$(inherited)",
					"DEBUG=1",
				);
				GCC_WARN_64_TO_32_BIT_CONVERSION = YES;
				GCC_WARN_ABOUT_RETURN_TYPE = YES_ERROR;
				GCC_WARN_UNDECLARED_SELECTOR = YES;
				GCC_WARN_UNINITIALIZED_AUTOS = YES_AGGRESSIVE;
				GCC_WARN_UNUSED_FUNCTION = YES;
				GCC_WARN_UNUSED_VARIABLE = YES;
				MTL_ENABLE_DEBUG_INFO = INCLUDE_SOURCE;
				MTL_FAST_MATH = YES;
				ONLY_ACTIVE_ARCH = YES;
				PRODUCT_NAME = "$(TARGET_NAME)";
				SDKROOT = iphoneos;
				SWIFT_ACTIVE_COMPILATION_CONDITIONS = DEBUG;
				SWIFT_OPTIMIZATION_LEVEL = "-Onone";
				SWIFT_VERSION = 5.0;
			};
			name = Debug;
		};
/* End XCBuildConfiguration section */

/* Begin XCConfigurationList section */
		A5556F2045FCE5886AC9C659 /* Build configuration list for PBXNativeTarget "WebRTCTestBed" */ = {
			isa = XCConfigurationList;
			buildConfigurations = (
				8388DFBF9F4BD06D714F84ED /* Debug */,
				285C125BD9EFCCB75F042C89 /* Release */,
			);
			defaultConfigurationIsVisible = 0;
			defaultConfigurationName = Debug;
		};
		CE3EC5C08F4A6B654729233A /* Build configuration list for PBXProject "WebRTCTestBed" */ = {
			isa = XCConfigurationList;
			buildConfigurations = (
				E1A383835F7F0BE63F77AF22 /* Debug */,
				3A221EB8B5E24FA90E6A8FD2 /* Release */,
			);
			defaultConfigurationIsVisible = 0;
			defaultConfigurationName = Debug;
		};
/* End XCConfigurationList section */

/* Begin XCLocalSwiftPackageReference section */
		48DD8AD62EE8D93F003F0FBE /* XCLocalSwiftPackageReference "../red5pro-ios-sdk/distribution" */ = {
			isa = XCLocalSwiftPackageReference;
			relativePath = "../red5pro-ios-sdk/distribution";
		};
/* End XCLocalSwiftPackageReference section */

/* Begin XCRemoteSwiftPackageReference section */
		67267988C19A153227D36125 /* XCRemoteSwiftPackageReference "WebRTC" */ = {
			isa = XCRemoteSwiftPackageReference;
			repositoryURL = "https://github.com/stasel/WebRTC";
			requirement = {
				kind = upToNextMajorVersion;
				minimumVersion = 140.0.0;
			};
		};
		C4822941DA12FFC2F4D506B1 /* XCRemoteSwiftPackageReference "swift" */ = {
			isa = XCRemoteSwiftPackageReference;
			repositoryURL = "https://github.com/pubnub/swift";
			requirement = {
				kind = upToNextMajorVersion;
				minimumVersion = 10.0.0;
			};
		};
/* End XCRemoteSwiftPackageReference section */

/* Begin XCSwiftPackageProductDependency section */
		48DD8AD72EE8D93F003F0FBE /* Red5WebRTCKit */ = {
			isa = XCSwiftPackageProductDependency;
			productName = Red5WebRTCKit;
		};
		83AC18E85224689302FF7E33 /* WebRTC */ = {
			isa = XCSwiftPackageProductDependency;
			package = 67267988C19A153227D36125 /* XCRemoteSwiftPackageReference "WebRTC" */;
			productName = WebRTC;
		};
		9BD6482AC8A27A72530C5F43 /* PubNubSDK */ = {
			isa = XCSwiftPackageProductDependency;
			package = C4822941DA12FFC2F4D506B1 /* XCRemoteSwiftPackageReference "swift" */;
			productName = PubNubSDK;
		};
/* End XCSwiftPackageProductDependency section */
	};
	rootObject = 8C0F900AB514C6A3A897FDAF /* Project object */;
}
